
Microsoft Visual Studio Solution File, Format Version 11.00
# Visual Studio 2010
Project("{FAE04EC0-301F-11D3-BF4B-00C04F79EFBC}") = "Assembly-CSharp", "Assembly-CSharp.csproj", "{6E45EED0-A699-589A-0FA9-69C5732F83EF}"
EndProject
Project("{FAE04EC0-301F-11D3-BF4B-00C04F79EFBC}") = "Assembly-CSharp-Editor", "Assembly-CSharp-Editor.csproj", "{F04104BB-AA6E-7BA5-37C4-DBFC07FE3A2B}"
EndProject
Global
	GlobalSection(SolutionConfigurationPlatforms) = preSolution
		Debug|Any CPU = Debug|Any CPU
		Release|Any CPU = Release|Any CPU
	EndGlobalSection
	GlobalSection(ProjectConfigurationPlatforms) = postSolution
		{6E45EED0-A699-589A-0FA9-69C5732F83EF}.Debug|Any CPU.ActiveCfg = Debug|Any CPU
		{6E45EED0-A699-589A-0FA9-69C5732F83EF}.Debug|Any CPU.Build.0 = Debug|Any CPU
		{6E45EED0-A699-589A-0FA9-69C5732F83EF}.Release|Any CPU.ActiveCfg = Release|Any CPU
		{6E45EED0-A699-589A-0FA9-69C5732F83EF}.Release|Any CPU.Build.0 = Release|Any CPU
		{F04104BB-AA6E-7BA5-37C4-DBFC07FE3A2B}.Debug|Any CPU.ActiveCfg = Debug|Any CPU
		{F04104BB-AA6E-7BA5-37C4-DBFC07FE3A2B}.Debug|Any CPU.Build.0 = Debug|Any CPU
		{F04104BB-AA6E-7BA5-37C4-DBFC07FE3A2B}.Release|Any CPU.ActiveCfg = Release|Any CPU
		{F04104BB-AA6E-7BA5-37C4-DBFC07FE3A2B}.Release|Any CPU.Build.0 = Release|Any CPU
	EndGlobalSection
	GlobalSection(SolutionProperties) = preSolution
		HideSolutionNode = FALSE
	EndGlobalSection
EndGlobal
